// !$*UTF8*$!
{
	archiveVersion = 1;
	classes = {
	};
	objectVersion = 55;
	objects = {

/* Begin PBXBuildFile section */
		63337205284266F100BA1B91 /* Credit_Card_Spending_Money_TrackerApp.swift in Sources */ = {isa = PBXBuildFile; fileRef = 63337204284266F100BA1B91 /* Credit_Card_Spending_Money_TrackerApp.swift */; };
		63337207284266F100BA1B91 /* ContentView.swift in Sources */ = {isa = PBXBuildFile; fileRef = 63337206284266F100BA1B91 /* ContentView.swift */; };
		63337209284266F200BA1B91 /* Assets.xcassets in Resources */ = {isa = PBXBuildFile; fileRef = 63337208284266F200BA1B91 /* Assets.xcassets */; };
		6333720C284266F200BA1B91 /* Preview Assets.xcassets in Resources */ = {isa = PBXBuildFile; fileRef = 6333720B284266F200BA1B91 /* Preview Assets.xcassets */; };
		6333720E284266F200BA1B91 /* Persistence.swift in Sources */ = {isa = PBXBuildFile; fileRef = 6333720D284266F200BA1B91 /* Persistence.swift */; };
		63337211284266F200BA1B91 /* Credit_Card_Spending_Money_Tracker.xcdatamodeld in Sources */ = {isa = PBXBuildFile; fileRef = 6333720F284266F200BA1B91 /* Credit_Card_Spending_Money_Tracker.xcdatamodeld */; };
		6333721A2842679600BA1B91 /* AddCardForm.swift in Sources */ = {isa = PBXBuildFile; fileRef = 633372192842679600BA1B91 /* AddCardForm.swift */; };
		6333721C284267B200BA1B91 /* MainView.swift in Sources */ = {isa = PBXBuildFile; fileRef = 6333721B284267B200BA1B91 /* MainView.swift */; };
/* End PBXBuildFile section */

/* Begin PBXFileReference section */
		63337201284266F100BA1B91 /* Credit Card Spending Money Tracker.app */ = {isa = PBXFileReference; explicitFileType = wrapper.application; includeInIndex = 0; path = "Credit Card Spending Money Tracker.app"; sourceTree = BUILT_PRODUCTS_DIR; };
		63337204284266F100BA1B91 /* Credit_Card_Spending_Money_TrackerApp.swift */ = {isa = PBXFileReference; lastKnownFileType = sourcecode.swift; path = Credit_Card_Spending_Money_TrackerApp.swift; sourceTree = "<group>"; };
		63337206284266F100BA1B91 /* ContentView.swift */ = {isa = PBXFileReference; lastKnownFileType = sourcecode.swift; path = ContentView.swift; sourceTree = "<group>"; };
		63337208284266F200BA1B91 /* Assets.xcassets */ = {isa = PBXFileReference; lastKnownFileType = folder.assetcatalog; path = Assets.xcassets; sourceTree = "<group>"; };
		6333720B284266F200BA1B91 /* Preview Assets.xcassets */ = {isa = PBXFileReference; lastKnownFileType = folder.assetcatalog; path = "Preview Assets.xcassets"; sourceTree = "<group>"; };
		6333720D284266F200BA1B91 /* Persistence.swift */ = {isa = PBXFileReference; lastKnownFileType = sourcecode.swift; path = Persistence.swift; sourceTree = "<group>"; };
		63337210284266F200BA1B91 /* Credit_Card_Spending_Money_Tracker.xcdatamodel */ = {isa = PBXFileReference; lastKnownFileType = wrapper.xcdatamodel; path = Credit_Card_Spending_Money_Tracker.xcdatamodel; sourceTree = "<group>"; };
		633372192842679600BA1B91 /* AddCardForm.swift */ = {isa = PBXFileReference; lastKnownFileType = sourcecode.swift; path = AddCardForm.swift; sourceTree = "<group>"; };
		6333721B284267B200BA1B91 /* MainView.swift */ = {isa = PBXFileReference; lastKnownFileType = sourcecode.swift; path = MainView.swift; sourceTree = "<group>"; };
/* End PBXFileReference section */

/* Begin PBXFrameworksBuildPhase section */
		633371FE284266F100BA1B91 /* Frameworks */ = {
			isa = PBXFrameworksBuildPhase;
			buildActionMask = 2147483647;
			files = (
			);
			runOnlyForDeploymentPostprocessing = 0;
		};
/* End PBXFrameworksBuildPhase section */

/* Begin PBXGroup section */
		633371F8284266F100BA1B91 = {
			isa = PBXGroup;
			children = (
				63337203284266F100BA1B91 /* Credit Card Spending Money Tracker */,
				63337202284266F100BA1B91 /* Products */,
			);
			sourceTree = "<group>";
		};
		63337202284266F100BA1B91 /* Products */ = {
			isa = PBXGroup;
			children = (
				63337201284266F100BA1B91 /* Credit Card Spending Money Tracker.app */,
			);
			name = Products;
			sourceTree = "<group>";
		};
		63337203284266F100BA1B91 /* Credit Card Spending Money Tracker */ = {
			isa = PBXGroup;
			children = (
				633372172842676300BA1B91 /* Main */,
				63337204284266F100BA1B91 /* Credit_Card_Spending_Money_TrackerApp.swift */,
				63337206284266F100BA1B91 /* ContentView.swift */,
				63337208284266F200BA1B91 /* Assets.xcassets */,
				6333720D284266F200BA1B91 /* Persistence.swift */,
				6333720F284266F200BA1B91 /* Credit_Card_Spending_Money_Tracker.xcdatamodeld */,
				6333720A284266F200BA1B91 /* Preview Content */,
			);
			path = "Credit Card Spending Money Tracker";
			sourceTree = "<group>";
		};
		6333720A284266F200BA1B91 /* Preview Content */ = {
			isa = PBXGroup;
			children = (
				6333720B284266F200BA1B91 /* Preview Assets.xcassets */,
			);
			path = "Preview Content";
			sourceTree = "<group>";
		};
		633372172842676300BA1B91 /* Main */ = {
			isa = PBXGroup;
			children = (
				633372182842677100BA1B91 /* AddCard */,
			);
			path = Main;
			sourceTree = "<group>";
		};
		633372182842677100BA1B91 /* AddCard */ = {
			isa = PBXGroup;
			children = (
				633372192842679600BA1B91 /* AddCardForm.swift */,
				6333721B284267B200BA1B91 /* MainView.swift */,
			);
			path = AddCard;
			sourceTree = "<group>";
		};
/* End PBXGroup section */

/* Begin PBXNativeTarget section */
		63337200284266F100BA1B91 /* Credit Card Spending Money Tracker */ = {
			isa = PBXNativeTarget;
			buildConfigurationList = 63337214284266F200BA1B91 /* Build configuration list for PBXNativeTarget "Credit Card Spending Money Tracker" */;
			buildPhases = (
				633371FD284266F100BA1B91 /* Sources */,
				633371FE284266F100BA1B91 /* Frameworks */,
				633371FF284266F100BA1B91 /* Resources */,
			);
			buildRules = (
			);
			dependencies = (
			);
			name = "Credit Card Spending Money Tracker";
			productName = "Credit Card Spending Money Tracker";
			productReference = 63337201284266F100BA1B91 /* Credit Card Spending Money Tracker.app */;
			productType = "com.apple.product-type.application";
		};
/* End PBXNativeTarget section */

/* Begin PBXProject section */
		633371F9284266F100BA1B91 /* Project object */ = {
			isa = PBXProject;
			attributes = {
				BuildIndependentTargetsInParallel = 1;
				LastSwiftUpdateCheck = 1340;
				LastUpgradeCheck = 1340;
				TargetAttributes = {
					63337200284266F100BA1B91 = {
						CreatedOnToolsVersion = 13.4;
					};
				};
			};
			buildConfigurationList = 633371FC284266F100BA1B91 /* Build configuration list for PBXProject "Credit Card Spending Money Tracker" */;
			compatibilityVersion = "Xcode 13.0";
			developmentRegion = en;
			hasScannedForEncodings = 0;
			knownRegions = (
				en,
				Base,
			);
			mainGroup = 633371F8284266F100BA1B91;
			productRefGroup = 63337202284266F100BA1B91 /* Products */;
			projectDirPath = "";
			projectRoot = "";
			targets = (
				63337200284266F100BA1B91 /* Credit Card Spending Money Tracker */,
			);
		};
/* End PBXProject section */

/* Begin PBXResourcesBuildPhase section */
		633371FF284266F100BA1B91 /* Resources */ = {
			isa = PBXResourcesBuildPhase;
			buildActionMask = 2147483647;
			files = (
				6333720C284266F200BA1B91 /* Preview Assets.xcassets in Resources */,
				63337209284266F200BA1B91 /* Assets.xcassets in Resources */,
			);
			runOnlyForDeploymentPostprocessing = 0;
		};
/* End PBXResourcesBuildPhase section */

/* Begin PBXSourcesBuildPhase section */
		633371FD284266F100BA1B91 /* Sources */ = {
			isa = PBXSourcesBuildPhase;
			buildActionMask = 2147483647;
			files = (
				6333721A2842679600BA1B91 /* AddCardForm.swift in Sources */,
				6333721C284267B200BA1B91 /* MainView.swift in Sources */,
				63337211284266F200BA1B91 /* Credit_Card_Spending_Money_Tracker.xcdatamodeld in Sources */,
				6333720E284266F200BA1B91 /* Persistence.swift in Sources */,
				63337207284266F100BA1B91 /* ContentView.swift in Sources */,
				63337205284266F100BA1B91 /* Credit_Card_Spending_Money_TrackerApp.swift in Sources */,
			);
			runOnlyForDeploymentPostprocessing = 0;
		};
/* End PBXSourcesBuildPhase section */

/* Begin XCBuildConfiguration section */
		63337212284266F200BA1B91 /* Debug */ = {
			isa = XCBuildConfiguration;
			buildSettings = {
				ALWAYS_SEARCH_USER_PATHS = NO;
				CLANG_ANALYZER_NONNULL = YES;
				CLANG_ANALYZER_NUMBER_OBJECT_CONVERSION = YES_AGGRESSIVE;
				CLANG_CXX_LANGUAGE_STANDARD = "gnu++17";
				CLANG_ENABLE_MODULES = YES;
				CLANG_ENABLE_OBJC_ARC = YES;
				CLANG_ENABLE_OBJC_WEAK = YES;
				CLANG_WARN_BLOCK_CAPTURE_AUTORELEASING = YES;
				CLANG_WARN_BOOL_CONVERSION = YES;
				CLANG_WARN_COMMA = YES;
				CLANG_WARN_CONSTANT_CONVERSION = YES;
				CLANG_WARN_DEPRECATED_OBJC_IMPLEMENTATIONS = YES;
				CLANG_WARN_DIRECT_OBJC_ISA_USAGE = YES_ERROR;
				CLANG_WARN_DOCUMENTATION_COMMENTS = YES;
				CLANG_WARN_EMPTY_BODY = YES;
				CLANG_WARN_ENUM_CONVERSION = YES;
				CLANG_WARN_INFINITE_RECURSION = YES;
				CLANG_WARN_INT_CONVERSION = YES;
				CLANG_WARN_NON_LITERAL_NULL_CONVERSION = YES;
				CLANG_WARN_OBJC_IMPLICIT_RETAIN_SELF = YES;
				CLANG_WARN_OBJC_LITERAL_CONVERSION = YES;
				CLANG_WARN_OBJC_ROOT_CLASS = YES_ERROR;
				CLANG_WARN_QUOTED_INCLUDE_IN_FRAMEWORK_HEADER = YES;
				CLANG_WARN_RANGE_LOOP_ANALYSIS = YES;
				CLANG_WARN_STRICT_PROTOTYPES = YES;
				CLANG_WARN_SUSPICIOUS_MOVE = YES;
				CLANG_WARN_UNGUARDED_AVAILABILITY = YES_AGGRESSIVE;
				CLANG_WARN_UNREACHABLE_CODE = YES;
				CLANG_WARN__DUPLICATE_METHOD_MATCH = YES;
				COPY_PHASE_STRIP = NO;
				DEBUG_INFORMATION_FORMAT = dwarf;
				ENABLE_STRICT_OBJC_MSGSEND = YES;
				ENABLE_TESTABILITY = YES;
				GCC_C_LANGUAGE_STANDARD = gnu11;
				GCC_DYNAMIC_NO_PIC = NO;
				GCC_NO_COMMON_BLOCKS = YES;
				GCC_OPTIMIZATION_LEVEL = 0;
				GCC_PREPROCESSOR_DEFINITIONS = (
					"DEBUG=1",
					"$(inherited)",
				);
				GCC_WARN_64_TO_32_BIT_CONVERSION = YES;
				GCC_WARN_ABOUT_RETURN_TYPE = YES_ERROR;
				GCC_WARN_UNDECLARED_SELECTOR = YES;
				GCC_WARN_UNINITIALIZED_AUTOS = YES_AGGRESSIVE;
				GCC_WARN_UNUSED_FUNCTION = YES;
				GCC_WARN_UNUSED_VARIABLE = YES;
				IPHONEOS_DEPLOYMENT_TARGET = 15.5;
				MTL_ENABLE_DEBUG_INFO = INCLUDE_SOURCE;
				MTL_FAST_MATH = YES;
				ONLY_ACTIVE_ARCH = YES;
				SDKROOT = iphoneos;
				SWIFT_ACTIVE_COMPILATION_CONDITIONS = DEBUG;
				SWIFT_OPTIMIZATION_LEVEL = "-Onone";
			};
			name = Debug;
		};
		63337213284266F200BA1B91 /* Release */ = {
			isa = XCBuildConfiguration;
			buildSettings = {
				ALWAYS_SEARCH_USER_PATHS = NO;
				CLANG_ANALYZER_NONNULL = YES;
				CLANG_ANALYZER_NUMBER_OBJECT_CONVERSION = YES_AGGRESSIVE;
				CLANG_CXX_LANGUAGE_STANDARD = "gnu++17";
				CLANG_ENABLE_MODULES = YES;
				CLANG_ENABLE_OBJC_ARC = YES;
				CLANG_ENABLE_OBJC_WEAK = YES;
				CLANG_WARN_BLOCK_CAPTURE_AUTORELEASING = YES;
				CLANG_WARN_BOOL_CONVERSION = YES;
				CLANG_WARN_COMMA = YES;
				CLANG_WARN_CONSTANT_CONVERSION = YES;
				CLANG_WARN_DEPRECATED_OBJC_IMPLEMENTATIONS = YES;
				CLANG_WARN_DIRECT_OBJC_ISA_USAGE = YES_ERROR;
				CLANG_WARN_DOCUMENTATION_COMMENTS = YES;
				CLANG_WARN_EMPTY_BODY = YES;
				CLANG_WARN_ENUM_CONVERSION = YES;
				CLANG_WARN_INFINITE_RECURSION = YES;
				CLANG_WARN_INT_CONVERSION = YES;
				CLANG_WARN_NON_LITERAL_NULL_CONVERSION = YES;
				CLANG_WARN_OBJC_IMPLICIT_RETAIN_SELF = YES;
				CLANG_WARN_OBJC_LITERAL_CONVERSION = YES;
				CLANG_WARN_OBJC_ROOT_CLASS = YES_ERROR;
				CLANG_WARN_QUOTED_INCLUDE_IN_FRAMEWORK_HEADER = YES;
				CLANG_WARN_RANGE_LOOP_ANALYSIS = YES;
				CLANG_WARN_STRICT_PROTOTYPES = YES;
				CLANG_WARN_SUSPICIOUS_MOVE = YES;
				CLANG_WARN_UNGUARDED_AVAILABILITY = YES_AGGRESSIVE;
				CLANG_WARN_UNREACHABLE_CODE = YES;
				CLANG_WARN__DUPLICATE_METHOD_MATCH = YES;
				COPY_PHASE_STRIP = NO;
				DEBUG_INFORMATION_FORMAT = "dwarf-with-dsym";
				ENABLE_NS_ASSERTIONS = NO;
				ENABLE_STRICT_OBJC_MSGSEND = YES;
				GCC_C_LANGUAGE_STANDARD = gnu11;
				GCC_NO_COMMON_BLOCKS = YES;
				GCC_WARN_64_TO_32_BIT_CONVERSION = YES;
				GCC_WARN_ABOUT_RETURN_TYPE = YES_ERROR;
				GCC_WARN_UNDECLARED_SELECTOR = YES;
				GCC_WARN_UNINITIALIZED_AUTOS = YES_AGGRESSIVE;
				GCC_WARN_UNUSED_FUNCTION = YES;
				GCC_WARN_UNUSED_VARIABLE = YES;
				IPHONEOS_DEPLOYMENT_TARGET = 15.5;
				MTL_ENABLE_DEBUG_INFO = NO;
				MTL_FAST_MATH = YES;
				SDKROOT = iphoneos;
				SWIFT_COMPILATION_MODE = wholemodule;
				SWIFT_OPTIMIZATION_LEVEL = "-O";
				VALIDATE_PRODUCT = YES;
			};
			name = Release;
		};
		63337215284266F200BA1B91 /* Debug */ = {
			isa = XCBuildConfiguration;
			buildSettings = {
				ASSETCATALOG_COMPILER_APPICON_NAME = AppIcon;
				ASSETCATALOG_COMPILER_GLOBAL_ACCENT_COLOR_NAME = AccentColor;
				CODE_SIGN_STYLE = Automatic;
				CURRENT_PROJECT_VERSION = 1;
				DEVELOPMENT_ASSET_PATHS = "\"Credit Card Spending Money Tracker/Preview Content\"";
				DEVELOPMENT_TEAM = 9T6T8S3SDQ;
				ENABLE_PREVIEWS = YES;
				GENERATE_INFOPLIST_FILE = YES;
				INFOPLIST_KEY_UIApplicationSceneManifest_Generation = YES;
				INFOPLIST_KEY_UIApplicationSupportsIndirectInputEvents = YES;
				INFOPLIST_KEY_UILaunchScreen_Generation = YES;
				INFOPLIST_KEY_UISupportedInterfaceOrientations_iPad = "UIInterfaceOrientationPortrait UIInterfaceOrientationPortraitUpsideDown UIInterfaceOrientationLandscapeLeft UIInterfaceOrientationLandscapeRight";
				INFOPLIST_KEY_UISupportedInterfaceOrientations_iPhone = "UIInterfaceOrientationPortrait UIInterfaceOrientationLandscapeLeft UIInterfaceOrientationLandscapeRight";
				LD_RUNPATH_SEARCH_PATHS = (
					"$(inherited)",
					"@executable_path/Frameworks",
				);
				MARKETING_VERSION = 1.0;
				PRODUCT_BUNDLE_IDENTIFIER = "com.DesignrrYour.Credit-Card-Spending-Money-Tracker";
				PRODUCT_NAME = "$(TARGET_NAME)";
				SWIFT_EMIT_LOC_STRINGS = YES;
				SWIFT_VERSION = 5.0;
				TARGETED_DEVICE_FAMILY = "1,2";
			};
			name = Debug;
		};
		63337216284266F200BA1B91 /* Release */ = {
			isa = XCBuildConfiguration;
			buildSettings = {
				ASSETCATALOG_COMPILER_APPICON_NAME = AppIcon;
				ASSETCATALOG_COMPILER_GLOBAL_ACCENT_COLOR_NAME = AccentColor;
				CODE_SIGN_STYLE = Automatic;
				CURRENT_PROJECT_VERSION = 1;
				DEVELOPMENT_ASSET_PATHS = "\"Credit Card Spending Money Tracker/Preview Content\"";
				DEVELOPMENT_TEAM = 9T6T8S3SDQ;
				ENABLE_PREVIEWS = YES;
				GENERATE_INFOPLIST_FILE = YES;
				INFOPLIST_KEY_UIApplicationSceneManifest_Generation = YES;
				INFOPLIST_KEY_UIApplicationSupportsIndirectInputEvents = YES;
				INFOPLIST_KEY_UILaunchScreen_Generation = YES;
				INFOPLIST_KEY_UISupportedInterfaceOrientations_iPad = "UIInterfaceOrientationPortrait UIInterfaceOrientationPortraitUpsideDown UIInterfaceOrientationLandscapeLeft UIInterfaceOrientationLandscapeRight";
				INFOPLIST_KEY_UISupportedInterfaceOrientations_iPhone = "UIInterfaceOrientationPortrait UIInterfaceOrientationLandscapeLeft UIInterfaceOrientationLandscapeRight";
				LD_RUNPATH_SEARCH_PATHS = (
					"$(inherited)",
					"@executable_path/Frameworks",
				);
				MARKETING_VERSION = 1.0;
				PRODUCT_BUNDLE_IDENTIFIER = "com.DesignrrYour.Credit-Card-Spending-Money-Tracker";
				PRODUCT_NAME = "$(TARGET_NAME)";
				SWIFT_EMIT_LOC_STRINGS = YES;
				SWIFT_VERSION = 5.0;
				TARGETED_DEVICE_FAMILY = "1,2";
			};
			name = Release;
		};
/* End XCBuildConfiguration section */

/* Begin XCConfigurationList section */
		633371FC284266F100BA1B91 /* Build configuration list for PBXProject "Credit Card Spending Money Tracker" */ = {
			isa = XCConfigurationList;
			buildConfigurations = (
				63337212284266F200BA1B91 /* Debug */,
				63337213284266F200BA1B91 /* Release */,
			);
			defaultConfigurationIsVisible = 0;
			defaultConfigurationName = Release;
		};
		63337214284266F200BA1B91 /* Build configuration list for PBXNativeTarget "Credit Card Spending Money Tracker" */ = {
			isa = XCConfigurationList;
			buildConfigurations = (
				63337215284266F200BA1B91 /* Debug */,
				63337216284266F200BA1B91 /* Release */,
			);
			defaultConfigurationIsVisible = 0;
			defaultConfigurationName = Release;
		};
/* End XCConfigurationList section */

/* Begin XCVersionGroup section */
		6333720F284266F200BA1B91 /* Credit_Card_Spending_Money_Tracker.xcdatamodeld */ = {
			isa = XCVersionGroup;
			children = (
				63337210284266F200BA1B91 /* Credit_Card_Spending_Money_Tracker.xcdatamodel */,
			);
			currentVersion = 63337210284266F200BA1B91 /* Credit_Card_Spending_Money_Tracker.xcdatamodel */;
			path = Credit_Card_Spending_Money_Tracker.xcdatamodeld;
			sourceTree = "<group>";
			versionGroupType = wrapper.xcdatamodel;
		};
/* End XCVersionGroup section */
	};
	rootObject = 633371F9284266F100BA1B91 /* Project object */;
}
